
Microsoft Visual Studio Solution File, Format Version 12.00
# Visual Studio Version 16
VisualStudioVersion = 16.0.31515.178
MinimumVisualStudioVersion = 10.0.40219.1
Project("{8BC9CEB8-8B4A-11D0-8D11-00A0C91BC942}") = "RProtect", "RProtect\RProtect.vcxproj", "{A4E77A71-1762-4111-9E65-10F717D02367}"
EndProject
Global
	GlobalSection(SolutionConfigurationPlatforms) = preSolution
		Debug|ARM = Debug|ARM
		Debug|ARM64 = Debug|ARM64
		Debug|x64 = Debug|x64
		Debug|x86 = Debug|x86
		Release|ARM = Release|ARM
		Release|ARM64 = Release|ARM64
		Release|x64 = Release|x64
		Release|x86 = Release|x86
	EndGlobalSection
	GlobalSection(ProjectConfigurationPlatforms) = postSolution
		{A4E77A71-1762-4111-9E65-10F717D02367}.Debug|ARM.ActiveCfg = Debug|ARM
		{A4E77A71-1762-4111-9E65-10F717D02367}.Debug|ARM.Build.0 = Debug|ARM
		{A4E77A71-1762-4111-9E65-10F717D02367}.Debug|ARM.Deploy.0 = Debug|ARM
		{A4E77A71-1762-4111-9E65-10F717D02367}.Debug|ARM64.ActiveCfg = Debug|ARM64
		{A4E77A71-1762-4111-9E65-10F717D02367}.Debug|ARM64.Build.0 = Debug|ARM64
		{A4E77A71-1762-4111-9E65-10F717D02367}.Debug|ARM64.Deploy.0 = Debug|ARM64
		{A4E77A71-1762-4111-9E65-10F717D02367}.Debug|x64.ActiveCfg = Debug|x64
		{A4E77A71-1762-4111-9E65-10F717D02367}.Debug|x64.Build.0 = Debug|x64
		{A4E77A71-1762-4111-9E65-10F717D02367}.Debug|x64.Deploy.0 = Debug|x64
		{A4E77A71-1762-4111-9E65-10F717D02367}.Debug|x86.ActiveCfg = Debug|Win32
		{A4E77A71-1762-4111-9E65-10F717D02367}.Debug|x86.Build.0 = Debug|Win32
		{A4E77A71-1762-4111-9E65-10F717D02367}.Debug|x86.Deploy.0 = Debug|Win32
		{A4E77A71-1762-4111-9E65-10F717D02367}.Release|ARM.ActiveCfg = Release|ARM
		{A4E77A71-1762-4111-9E65-10F717D02367}.Release|ARM.Build.0 = Release|ARM
		{A4E77A71-1762-4111-9E65-10F717D02367}.Release|ARM.Deploy.0 = Release|ARM
		{A4E77A71-1762-4111-9E65-10F717D02367}.Release|ARM64.ActiveCfg = Release|ARM64
		{A4E77A71-1762-4111-9E65-10F717D02367}.Release|ARM64.Build.0 = Release|ARM64
		{A4E77A71-1762-4111-9E65-10F717D02367}.Release|ARM64.Deploy.0 = Release|ARM64
		{A4E77A71-1762-4111-9E65-10F717D02367}.Release|x64.ActiveCfg = Release|x64
		{A4E77A71-1762-4111-9E65-10F717D02367}.Release|x64.Build.0 = Release|x64
		{A4E77A71-1762-4111-9E65-10F717D02367}.Release|x64.Deploy.0 = Release|x64
		{A4E77A71-1762-4111-9E65-10F717D02367}.Release|x86.ActiveCfg = Release|Win32
		{A4E77A71-1762-4111-9E65-10F717D02367}.Release|x86.Build.0 = Release|Win32
		{A4E77A71-1762-4111-9E65-10F717D02367}.Release|x86.Deploy.0 = Release|Win32
	EndGlobalSection
	GlobalSection(SolutionProperties) = preSolution
		HideSolutionNode = FALSE
	EndGlobalSection
	GlobalSection(ExtensibilityGlobals) = postSolution
		SolutionGuid = {4E6F4081-233E-4F4D-A87C-41927C2B3ADC}
	EndGlobalSection
EndGlobal
